
Microsoft Visual Studio Solution File, Format Version 12.00
# Visual Studio 2013
VisualStudioVersion = 12.0.21005.1
MinimumVisualStudioVersion = 10.0.40219.1
Project("{FAE04EC0-301F-11D3-BF4B-00C04F79EFBC}") = "G.Util", "G.Util\G.Util.csproj", "{B709E93D-A721-4985-89E3-5486FA47D86F}"
EndProject
Project("{FAE04EC0-301F-11D3-BF4B-00C04F79EFBC}") = "GOMFrameWork", "GOMFrameWork\GOMFrameWork.csproj", "{88BE7DB6-73AC-45BA-BEB0-01CDAC27FF20}"
EndProject
Project("{FAE04EC0-301F-11D3-BF4B-00C04F79EFBC}") = "WinTemplate", "WinTemplate\WinTemplate.csproj", "{AA62DE16-829F-40D5-87F0-46055A6B428F}"
EndProject
Project("{2150E333-8FDC-42A3-9474-1A3956D46DE8}") = "FrameWork", "FrameWork", "{564F8DC4-E552-4D4B-8056-C49DE78E9C08}"
EndProject
Project("{2150E333-8FDC-42A3-9474-1A3956D46DE8}") = "Template", "Template", "{01627CAF-D78A-41EA-9292-B7B87C9F2AA2}"
EndProject
Project("{2150E333-8FDC-42A3-9474-1A3956D46DE8}") = "WebApplication", "WebApplication", "{0A10D1B1-569F-477E-B4D0-90885B980E65}"
EndProject
Project("{FAE04EC0-301F-11D3-BF4B-00C04F79EFBC}") = "G.Simple.Entity", "G.Simple.Entity\G.Simple.Entity.csproj", "{365C859A-0CED-4316-8F36-F0F9D35457F8}"
EndProject
Project("{FAE04EC0-301F-11D3-BF4B-00C04F79EFBC}") = "G.Simple.Api", "G.Simple.Api\G.Simple.Api.csproj", "{F97DE38D-50A2-4870-A702-57E92E799195}"
EndProject
Project("{FAE04EC0-301F-11D3-BF4B-00C04F79EFBC}") = "G.Simple", "G.Simple\G.Simple.csproj", "{C47B7E17-C203-4948-B57C-13B54162526D}"
EndProject
Project("{FAE04EC0-301F-11D3-BF4B-00C04F79EFBC}") = "G.BaseWeb", "G.BaseWeb\G.BaseWeb.csproj", "{9EB2D2D0-82B9-46F9-924D-1D578A936601}"
EndProject
Global
	GlobalSection(SolutionConfigurationPlatforms) = preSolution
		Debug|Any CPU = Debug|Any CPU
		Debug|Mixed Platforms = Debug|Mixed Platforms
		Debug|x86 = Debug|x86
		Release|Any CPU = Release|Any CPU
		Release|Mixed Platforms = Release|Mixed Platforms
		Release|x86 = Release|x86
	EndGlobalSection
	GlobalSection(ProjectConfigurationPlatforms) = postSolution
		{B709E93D-A721-4985-89E3-5486FA47D86F}.Debug|Any CPU.ActiveCfg = Debug|Any CPU
		{B709E93D-A721-4985-89E3-5486FA47D86F}.Debug|Any CPU.Build.0 = Debug|Any CPU
		{B709E93D-A721-4985-89E3-5486FA47D86F}.Debug|Mixed Platforms.ActiveCfg = Debug|Any CPU
		{B709E93D-A721-4985-89E3-5486FA47D86F}.Debug|Mixed Platforms.Build.0 = Debug|Any CPU
		{B709E93D-A721-4985-89E3-5486FA47D86F}.Debug|x86.ActiveCfg = Debug|Any CPU
		{B709E93D-A721-4985-89E3-5486FA47D86F}.Release|Any CPU.ActiveCfg = Release|Any CPU
		{B709E93D-A721-4985-89E3-5486FA47D86F}.Release|Any CPU.Build.0 = Release|Any CPU
		{B709E93D-A721-4985-89E3-5486FA47D86F}.Release|Mixed Platforms.ActiveCfg = Release|Any CPU
		{B709E93D-A721-4985-89E3-5486FA47D86F}.Release|Mixed Platforms.Build.0 = Release|Any CPU
		{B709E93D-A721-4985-89E3-5486FA47D86F}.Release|x86.ActiveCfg = Release|Any CPU
		{88BE7DB6-73AC-45BA-BEB0-01CDAC27FF20}.Debug|Any CPU.ActiveCfg = Debug|Any CPU
		{88BE7DB6-73AC-45BA-BEB0-01CDAC27FF20}.Debug|Any CPU.Build.0 = Debug|Any CPU
		{88BE7DB6-73AC-45BA-BEB0-01CDAC27FF20}.Debug|Mixed Platforms.ActiveCfg = Debug|Any CPU
		{88BE7DB6-73AC-45BA-BEB0-01CDAC27FF20}.Debug|Mixed Platforms.Build.0 = Debug|Any CPU
		{88BE7DB6-73AC-45BA-BEB0-01CDAC27FF20}.Debug|x86.ActiveCfg = Debug|Any CPU
		{88BE7DB6-73AC-45BA-BEB0-01CDAC27FF20}.Release|Any CPU.ActiveCfg = Release|Any CPU
		{88BE7DB6-73AC-45BA-BEB0-01CDAC27FF20}.Release|Any CPU.Build.0 = Release|Any CPU
		{88BE7DB6-73AC-45BA-BEB0-01CDAC27FF20}.Release|Mixed Platforms.ActiveCfg = Release|Any CPU
		{88BE7DB6-73AC-45BA-BEB0-01CDAC27FF20}.Release|Mixed Platforms.Build.0 = Release|Any CPU
		{88BE7DB6-73AC-45BA-BEB0-01CDAC27FF20}.Release|x86.ActiveCfg = Release|Any CPU
		{AA62DE16-829F-40D5-87F0-46055A6B428F}.Debug|Any CPU.ActiveCfg = Debug|Any CPU
		{AA62DE16-829F-40D5-87F0-46055A6B428F}.Debug|Any CPU.Build.0 = Debug|Any CPU
		{AA62DE16-829F-40D5-87F0-46055A6B428F}.Debug|Mixed Platforms.ActiveCfg = Debug|Any CPU
		{AA62DE16-829F-40D5-87F0-46055A6B428F}.Debug|Mixed Platforms.Build.0 = Debug|Any CPU
		{AA62DE16-829F-40D5-87F0-46055A6B428F}.Debug|x86.ActiveCfg = Debug|Any CPU
		{AA62DE16-829F-40D5-87F0-46055A6B428F}.Release|Any CPU.ActiveCfg = Release|Any CPU
		{AA62DE16-829F-40D5-87F0-46055A6B428F}.Release|Any CPU.Build.0 = Release|Any CPU
		{AA62DE16-829F-40D5-87F0-46055A6B428F}.Release|Mixed Platforms.ActiveCfg = Release|Any CPU
		{AA62DE16-829F-40D5-87F0-46055A6B428F}.Release|Mixed Platforms.Build.0 = Release|Any CPU
		{AA62DE16-829F-40D5-87F0-46055A6B428F}.Release|x86.ActiveCfg = Release|Any CPU
		{365C859A-0CED-4316-8F36-F0F9D35457F8}.Debug|Any CPU.ActiveCfg = Debug|Any CPU
		{365C859A-0CED-4316-8F36-F0F9D35457F8}.Debug|Any CPU.Build.0 = Debug|Any CPU
		{365C859A-0CED-4316-8F36-F0F9D35457F8}.Debug|Mixed Platforms.ActiveCfg = Debug|Any CPU
		{365C859A-0CED-4316-8F36-F0F9D35457F8}.Debug|Mixed Platforms.Build.0 = Debug|Any CPU
		{365C859A-0CED-4316-8F36-F0F9D35457F8}.Debug|x86.ActiveCfg = Debug|Any CPU
		{365C859A-0CED-4316-8F36-F0F9D35457F8}.Release|Any CPU.ActiveCfg = Release|Any CPU
		{365C859A-0CED-4316-8F36-F0F9D35457F8}.Release|Any CPU.Build.0 = Release|Any CPU
		{365C859A-0CED-4316-8F36-F0F9D35457F8}.Release|Mixed Platforms.ActiveCfg = Release|Any CPU
		{365C859A-0CED-4316-8F36-F0F9D35457F8}.Release|Mixed Platforms.Build.0 = Release|Any CPU
		{365C859A-0CED-4316-8F36-F0F9D35457F8}.Release|x86.ActiveCfg = Release|Any CPU
		{F97DE38D-50A2-4870-A702-57E92E799195}.Debug|Any CPU.ActiveCfg = Debug|Any CPU
		{F97DE38D-50A2-4870-A702-57E92E799195}.Debug|Any CPU.Build.0 = Debug|Any CPU
		{F97DE38D-50A2-4870-A702-57E92E799195}.Debug|Mixed Platforms.ActiveCfg = Debug|Any CPU
		{F97DE38D-50A2-4870-A702-57E92E799195}.Debug|Mixed Platforms.Build.0 = Debug|Any CPU
		{F97DE38D-50A2-4870-A702-57E92E799195}.Debug|x86.ActiveCfg = Debug|Any CPU
		{F97DE38D-50A2-4870-A702-57E92E799195}.Release|Any CPU.ActiveCfg = Release|Any CPU
		{F97DE38D-50A2-4870-A702-57E92E799195}.Release|Any CPU.Build.0 = Release|Any CPU
		{F97DE38D-50A2-4870-A702-57E92E799195}.Release|Mixed Platforms.ActiveCfg = Release|Any CPU
		{F97DE38D-50A2-4870-A702-57E92E799195}.Release|Mixed Platforms.Build.0 = Release|Any CPU
		{F97DE38D-50A2-4870-A702-57E92E799195}.Release|x86.ActiveCfg = Release|Any CPU
		{C47B7E17-C203-4948-B57C-13B54162526D}.Debug|Any CPU.ActiveCfg = Debug|Any CPU
		{C47B7E17-C203-4948-B57C-13B54162526D}.Debug|Any CPU.Build.0 = Debug|Any CPU
		{C47B7E17-C203-4948-B57C-13B54162526D}.Debug|Mixed Platforms.ActiveCfg = Debug|Any CPU
		{C47B7E17-C203-4948-B57C-13B54162526D}.Debug|Mixed Platforms.Build.0 = Debug|Any CPU
		{C47B7E17-C203-4948-B57C-13B54162526D}.Debug|x86.ActiveCfg = Debug|Any CPU
		{C47B7E17-C203-4948-B57C-13B54162526D}.Release|Any CPU.ActiveCfg = Release|Any CPU
		{C47B7E17-C203-4948-B57C-13B54162526D}.Release|Any CPU.Build.0 = Release|Any CPU
		{C47B7E17-C203-4948-B57C-13B54162526D}.Release|Mixed Platforms.ActiveCfg = Release|Any CPU
		{C47B7E17-C203-4948-B57C-13B54162526D}.Release|Mixed Platforms.Build.0 = Release|Any CPU
		{C47B7E17-C203-4948-B57C-13B54162526D}.Release|x86.ActiveCfg = Release|Any CPU
		{9EB2D2D0-82B9-46F9-924D-1D578A936601}.Debug|Any CPU.ActiveCfg = Debug|Any CPU
		{9EB2D2D0-82B9-46F9-924D-1D578A936601}.Debug|Any CPU.Build.0 = Debug|Any CPU
		{9EB2D2D0-82B9-46F9-924D-1D578A936601}.Debug|Mixed Platforms.ActiveCfg = Debug|Any CPU
		{9EB2D2D0-82B9-46F9-924D-1D578A936601}.Debug|Mixed Platforms.Build.0 = Debug|Any CPU
		{9EB2D2D0-82B9-46F9-924D-1D578A936601}.Debug|x86.ActiveCfg = Debug|Any CPU
		{9EB2D2D0-82B9-46F9-924D-1D578A936601}.Release|Any CPU.ActiveCfg = Release|Any CPU
		{9EB2D2D0-82B9-46F9-924D-1D578A936601}.Release|Any CPU.Build.0 = Release|Any CPU
		{9EB2D2D0-82B9-46F9-924D-1D578A936601}.Release|Mixed Platforms.ActiveCfg = Release|Any CPU
		{9EB2D2D0-82B9-46F9-924D-1D578A936601}.Release|Mixed Platforms.Build.0 = Release|Any CPU
		{9EB2D2D0-82B9-46F9-924D-1D578A936601}.Release|x86.ActiveCfg = Release|Any CPU
	EndGlobalSection
	GlobalSection(SolutionProperties) = preSolution
		HideSolutionNode = FALSE
	EndGlobalSection
	GlobalSection(NestedProjects) = preSolution
		{88BE7DB6-73AC-45BA-BEB0-01CDAC27FF20} = {564F8DC4-E552-4D4B-8056-C49DE78E9C08}
		{B709E93D-A721-4985-89E3-5486FA47D86F} = {564F8DC4-E552-4D4B-8056-C49DE78E9C08}
		{AA62DE16-829F-40D5-87F0-46055A6B428F} = {01627CAF-D78A-41EA-9292-B7B87C9F2AA2}
		{365C859A-0CED-4316-8F36-F0F9D35457F8} = {0A10D1B1-569F-477E-B4D0-90885B980E65}
		{F97DE38D-50A2-4870-A702-57E92E799195} = {0A10D1B1-569F-477E-B4D0-90885B980E65}
		{C47B7E17-C203-4948-B57C-13B54162526D} = {0A10D1B1-569F-477E-B4D0-90885B980E65}
		{9EB2D2D0-82B9-46F9-924D-1D578A936601} = {0A10D1B1-569F-477E-B4D0-90885B980E65}
	EndGlobalSection
EndGlobal
