
Microsoft Visual Studio Solution File, Format Version 12.00
# Visual Studio 2013
VisualStudioVersion = 12.0.21005.1
MinimumVisualStudioVersion = 10.0.40219.1
Project("{FAE04EC0-301F-11D3-BF4B-00C04F79EFBC}") = "G.Util", "G.Util\G.Util.csproj", "{B709E93D-A721-4985-89E3-5486FA47D86F}"
EndProject
Project("{FAE04EC0-301F-11D3-BF4B-00C04F79EFBC}") = "GOMFrameWork", "GOMFrameWork\GOMFrameWork.csproj", "{88BE7DB6-73AC-45BA-BEB0-01CDAC27FF20}"
EndProject
Project("{FAE04EC0-301F-11D3-BF4B-00C04F79EFBC}") = "WinTemplate", "WinTemplate\WinTemplate.csproj", "{AA62DE16-829F-40D5-87F0-46055A6B428F}"
EndProject
Project("{FAE04EC0-301F-11D3-BF4B-00C04F79EFBC}") = "G.BaseWeb", "G.BaseWeb\G.BaseWeb.csproj", "{9EB2D2D0-82B9-46F9-924D-1D578A936601}"
EndProject
Project("{FAE04EC0-301F-11D3-BF4B-00C04F79EFBC}") = "WebApiClient", "WebApiClient\WebApiClient.csproj", "{708BF1D2-3D11-49B1-A20E-C1E3639EB48C}"
EndProject
Project("{FAE04EC0-301F-11D3-BF4B-00C04F79EFBC}") = "WebApiService", "WebApiService\WebApiService.csproj", "{A7069AAD-3A43-421A-BDA3-864E1B0C7041}"
EndProject
Project("{2150E333-8FDC-42A3-9474-1A3956D46DE8}") = "OAuth", "OAuth", "{98681006-B913-40F9-8081-8A996DEA38BD}"
EndProject
Project("{2150E333-8FDC-42A3-9474-1A3956D46DE8}") = "FrameWork", "FrameWork", "{564F8DC4-E552-4D4B-8056-C49DE78E9C08}"
EndProject
Project("{2150E333-8FDC-42A3-9474-1A3956D46DE8}") = "Template", "Template", "{01627CAF-D78A-41EA-9292-B7B87C9F2AA2}"
EndProject
Project("{2150E333-8FDC-42A3-9474-1A3956D46DE8}") = "WebApplication", "WebApplication", "{0A10D1B1-569F-477E-B4D0-90885B980E65}"
	ProjectSection(SolutionItems) = preProject
		GOMFrameWork.js插件说明.md = GOMFrameWork.js插件说明.md
	EndProjectSection
EndProject
Global
	GlobalSection(SolutionConfigurationPlatforms) = preSolution
		Debug|Any CPU = Debug|Any CPU
		Debug|Mixed Platforms = Debug|Mixed Platforms
		Debug|x86 = Debug|x86
		Release|Any CPU = Release|Any CPU
		Release|Mixed Platforms = Release|Mixed Platforms
		Release|x86 = Release|x86
	EndGlobalSection
	GlobalSection(ProjectConfigurationPlatforms) = postSolution
		{B709E93D-A721-4985-89E3-5486FA47D86F}.Debug|Any CPU.ActiveCfg = Debug|Any CPU
		{B709E93D-A721-4985-89E3-5486FA47D86F}.Debug|Any CPU.Build.0 = Debug|Any CPU
		{B709E93D-A721-4985-89E3-5486FA47D86F}.Debug|Mixed Platforms.ActiveCfg = Debug|Any CPU
		{B709E93D-A721-4985-89E3-5486FA47D86F}.Debug|Mixed Platforms.Build.0 = Debug|Any CPU
		{B709E93D-A721-4985-89E3-5486FA47D86F}.Debug|x86.ActiveCfg = Debug|Any CPU
		{B709E93D-A721-4985-89E3-5486FA47D86F}.Release|Any CPU.ActiveCfg = Release|Any CPU
		{B709E93D-A721-4985-89E3-5486FA47D86F}.Release|Any CPU.Build.0 = Release|Any CPU
		{B709E93D-A721-4985-89E3-5486FA47D86F}.Release|Mixed Platforms.ActiveCfg = Release|Any CPU
		{B709E93D-A721-4985-89E3-5486FA47D86F}.Release|Mixed Platforms.Build.0 = Release|Any CPU
		{B709E93D-A721-4985-89E3-5486FA47D86F}.Release|x86.ActiveCfg = Release|Any CPU
		{88BE7DB6-73AC-45BA-BEB0-01CDAC27FF20}.Debug|Any CPU.ActiveCfg = Debug|Any CPU
		{88BE7DB6-73AC-45BA-BEB0-01CDAC27FF20}.Debug|Any CPU.Build.0 = Debug|Any CPU
		{88BE7DB6-73AC-45BA-BEB0-01CDAC27FF20}.Debug|Mixed Platforms.ActiveCfg = Debug|Any CPU
		{88BE7DB6-73AC-45BA-BEB0-01CDAC27FF20}.Debug|Mixed Platforms.Build.0 = Debug|Any CPU
		{88BE7DB6-73AC-45BA-BEB0-01CDAC27FF20}.Debug|x86.ActiveCfg = Debug|Any CPU
		{88BE7DB6-73AC-45BA-BEB0-01CDAC27FF20}.Release|Any CPU.ActiveCfg = Release|Any CPU
		{88BE7DB6-73AC-45BA-BEB0-01CDAC27FF20}.Release|Any CPU.Build.0 = Release|Any CPU
		{88BE7DB6-73AC-45BA-BEB0-01CDAC27FF20}.Release|Mixed Platforms.ActiveCfg = Release|Any CPU
		{88BE7DB6-73AC-45BA-BEB0-01CDAC27FF20}.Release|Mixed Platforms.Build.0 = Release|Any CPU
		{88BE7DB6-73AC-45BA-BEB0-01CDAC27FF20}.Release|x86.ActiveCfg = Release|Any CPU
		{AA62DE16-829F-40D5-87F0-46055A6B428F}.Debug|Any CPU.ActiveCfg = Debug|Any CPU
		{AA62DE16-829F-40D5-87F0-46055A6B428F}.Debug|Any CPU.Build.0 = Debug|Any CPU
		{AA62DE16-829F-40D5-87F0-46055A6B428F}.Debug|Mixed Platforms.ActiveCfg = Debug|Any CPU
		{AA62DE16-829F-40D5-87F0-46055A6B428F}.Debug|Mixed Platforms.Build.0 = Debug|Any CPU
		{AA62DE16-829F-40D5-87F0-46055A6B428F}.Debug|x86.ActiveCfg = Debug|Any CPU
		{AA62DE16-829F-40D5-87F0-46055A6B428F}.Release|Any CPU.ActiveCfg = Release|Any CPU
		{AA62DE16-829F-40D5-87F0-46055A6B428F}.Release|Any CPU.Build.0 = Release|Any CPU
		{AA62DE16-829F-40D5-87F0-46055A6B428F}.Release|Mixed Platforms.ActiveCfg = Release|Any CPU
		{AA62DE16-829F-40D5-87F0-46055A6B428F}.Release|Mixed Platforms.Build.0 = Release|Any CPU
		{AA62DE16-829F-40D5-87F0-46055A6B428F}.Release|x86.ActiveCfg = Release|Any CPU
		{9EB2D2D0-82B9-46F9-924D-1D578A936601}.Debug|Any CPU.ActiveCfg = Debug|Any CPU
		{9EB2D2D0-82B9-46F9-924D-1D578A936601}.Debug|Any CPU.Build.0 = Debug|Any CPU
		{9EB2D2D0-82B9-46F9-924D-1D578A936601}.Debug|Mixed Platforms.ActiveCfg = Debug|Any CPU
		{9EB2D2D0-82B9-46F9-924D-1D578A936601}.Debug|Mixed Platforms.Build.0 = Debug|Any CPU
		{9EB2D2D0-82B9-46F9-924D-1D578A936601}.Debug|x86.ActiveCfg = Debug|Any CPU
		{9EB2D2D0-82B9-46F9-924D-1D578A936601}.Release|Any CPU.ActiveCfg = Release|Any CPU
		{9EB2D2D0-82B9-46F9-924D-1D578A936601}.Release|Any CPU.Build.0 = Release|Any CPU
		{9EB2D2D0-82B9-46F9-924D-1D578A936601}.Release|Mixed Platforms.ActiveCfg = Release|Any CPU
		{9EB2D2D0-82B9-46F9-924D-1D578A936601}.Release|Mixed Platforms.Build.0 = Release|Any CPU
		{9EB2D2D0-82B9-46F9-924D-1D578A936601}.Release|x86.ActiveCfg = Release|Any CPU
		{708BF1D2-3D11-49B1-A20E-C1E3639EB48C}.Debug|Any CPU.ActiveCfg = Debug|Any CPU
		{708BF1D2-3D11-49B1-A20E-C1E3639EB48C}.Debug|Any CPU.Build.0 = Debug|Any CPU
		{708BF1D2-3D11-49B1-A20E-C1E3639EB48C}.Debug|Mixed Platforms.ActiveCfg = Debug|Any CPU
		{708BF1D2-3D11-49B1-A20E-C1E3639EB48C}.Debug|Mixed Platforms.Build.0 = Debug|Any CPU
		{708BF1D2-3D11-49B1-A20E-C1E3639EB48C}.Debug|x86.ActiveCfg = Debug|Any CPU
		{708BF1D2-3D11-49B1-A20E-C1E3639EB48C}.Release|Any CPU.ActiveCfg = Release|Any CPU
		{708BF1D2-3D11-49B1-A20E-C1E3639EB48C}.Release|Any CPU.Build.0 = Release|Any CPU
		{708BF1D2-3D11-49B1-A20E-C1E3639EB48C}.Release|Mixed Platforms.ActiveCfg = Release|Any CPU
		{708BF1D2-3D11-49B1-A20E-C1E3639EB48C}.Release|Mixed Platforms.Build.0 = Release|Any CPU
		{708BF1D2-3D11-49B1-A20E-C1E3639EB48C}.Release|x86.ActiveCfg = Release|Any CPU
		{A7069AAD-3A43-421A-BDA3-864E1B0C7041}.Debug|Any CPU.ActiveCfg = Debug|Any CPU
		{A7069AAD-3A43-421A-BDA3-864E1B0C7041}.Debug|Any CPU.Build.0 = Debug|Any CPU
		{A7069AAD-3A43-421A-BDA3-864E1B0C7041}.Debug|Mixed Platforms.ActiveCfg = Debug|Any CPU
		{A7069AAD-3A43-421A-BDA3-864E1B0C7041}.Debug|Mixed Platforms.Build.0 = Debug|Any CPU
		{A7069AAD-3A43-421A-BDA3-864E1B0C7041}.Debug|x86.ActiveCfg = Debug|Any CPU
		{A7069AAD-3A43-421A-BDA3-864E1B0C7041}.Release|Any CPU.ActiveCfg = Release|Any CPU
		{A7069AAD-3A43-421A-BDA3-864E1B0C7041}.Release|Any CPU.Build.0 = Release|Any CPU
		{A7069AAD-3A43-421A-BDA3-864E1B0C7041}.Release|Mixed Platforms.ActiveCfg = Release|Any CPU
		{A7069AAD-3A43-421A-BDA3-864E1B0C7041}.Release|Mixed Platforms.Build.0 = Release|Any CPU
		{A7069AAD-3A43-421A-BDA3-864E1B0C7041}.Release|x86.ActiveCfg = Release|Any CPU
	EndGlobalSection
	GlobalSection(SolutionProperties) = preSolution
		HideSolutionNode = FALSE
	EndGlobalSection
	GlobalSection(NestedProjects) = preSolution
		{88BE7DB6-73AC-45BA-BEB0-01CDAC27FF20} = {564F8DC4-E552-4D4B-8056-C49DE78E9C08}
		{B709E93D-A721-4985-89E3-5486FA47D86F} = {564F8DC4-E552-4D4B-8056-C49DE78E9C08}
		{AA62DE16-829F-40D5-87F0-46055A6B428F} = {01627CAF-D78A-41EA-9292-B7B87C9F2AA2}
		{9EB2D2D0-82B9-46F9-924D-1D578A936601} = {0A10D1B1-569F-477E-B4D0-90885B980E65}
		{A7069AAD-3A43-421A-BDA3-864E1B0C7041} = {98681006-B913-40F9-8081-8A996DEA38BD}
		{708BF1D2-3D11-49B1-A20E-C1E3639EB48C} = {98681006-B913-40F9-8081-8A996DEA38BD}
	EndGlobalSection
EndGlobal
