
Microsoft Visual Studio Solution File, Format Version 12.00
# Visual Studio 2013
VisualStudioVersion = 12.0.21005.1
MinimumVisualStudioVersion = 10.0.40219.1
Project("{FAE04EC0-301F-11D3-BF4B-00C04F79EFBC}") = "WebSite", "WebSite\WebSite.csproj", "{3939E7D2-5665-4947-AE33-E66690BEEB51}"
EndProject
Project("{FAE04EC0-301F-11D3-BF4B-00C04F79EFBC}") = "EntityLibrary", "EntityLibrary\EntityLibrary.csproj", "{B54A0E30-B6EB-437E-B55C-92A272B0D260}"
EndProject
Project("{FAE04EC0-301F-11D3-BF4B-00C04F79EFBC}") = "WebApplication1", "WebApplication1\WebApplication1.csproj", "{EA26DEC2-4F42-47D2-9C82-FF0D7863B85B}"
EndProject
Global
	GlobalSection(SolutionConfigurationPlatforms) = preSolution
		Debug|Any CPU = Debug|Any CPU
		Release|Any CPU = Release|Any CPU
	EndGlobalSection
	GlobalSection(ProjectConfigurationPlatforms) = postSolution
		{3939E7D2-5665-4947-AE33-E66690BEEB51}.Debug|Any CPU.ActiveCfg = Debug|Any CPU
		{3939E7D2-5665-4947-AE33-E66690BEEB51}.Debug|Any CPU.Build.0 = Debug|Any CPU
		{3939E7D2-5665-4947-AE33-E66690BEEB51}.Release|Any CPU.ActiveCfg = Release|Any CPU
		{3939E7D2-5665-4947-AE33-E66690BEEB51}.Release|Any CPU.Build.0 = Release|Any CPU
		{B54A0E30-B6EB-437E-B55C-92A272B0D260}.Debug|Any CPU.ActiveCfg = Debug|Any CPU
		{B54A0E30-B6EB-437E-B55C-92A272B0D260}.Debug|Any CPU.Build.0 = Debug|Any CPU
		{B54A0E30-B6EB-437E-B55C-92A272B0D260}.Release|Any CPU.ActiveCfg = Release|Any CPU
		{B54A0E30-B6EB-437E-B55C-92A272B0D260}.Release|Any CPU.Build.0 = Release|Any CPU
		{EA26DEC2-4F42-47D2-9C82-FF0D7863B85B}.Debug|Any CPU.ActiveCfg = Debug|Any CPU
		{EA26DEC2-4F42-47D2-9C82-FF0D7863B85B}.Debug|Any CPU.Build.0 = Debug|Any CPU
		{EA26DEC2-4F42-47D2-9C82-FF0D7863B85B}.Release|Any CPU.ActiveCfg = Release|Any CPU
		{EA26DEC2-4F42-47D2-9C82-FF0D7863B85B}.Release|Any CPU.Build.0 = Release|Any CPU
	EndGlobalSection
	GlobalSection(SolutionProperties) = preSolution
		HideSolutionNode = FALSE
	EndGlobalSection
EndGlobal
